{
  "name": "claw-cli",
  "version": "0.1.0",
  "lockfileVersion": 3,
  "requires": true,
  "packages": {
    "": {
      "name": "claw-cli",
      "version": "0.1.0",
      "license": "MIT",
      "dependencies": {
        "agentic-claw": "file:../agentic-claw",
        "agentic-core": "file:../agentic-core",
        "agentic-memory": "file:../agentic-memory"
      },
      "bin": {
        "claw": "bin/claw.js"
      }
    },
    "../agentic-claw": {
      "version": "0.1.0",
      "license": "MIT",
      "peerDependencies": {
        "agentic-core": ">=0.2.0",
        "agentic-memory": ">=0.2.0"
      }
    },
    "../agentic-core": {
      "version": "0.2.0",
      "license": "MIT"
    },
    "../agentic-memory": {
      "version": "0.2.0",
      "license": "MIT"
    },
    "node_modules/agentic-claw": {
      "resolved": "../agentic-claw",
      "link": true
    },
    "node_modules/agentic-core": {
      "resolved": "../agentic-core",
      "link": true
    },
    "node_modules/agentic-memory": {
      "resolved": "../agentic-memory",
      "link": true
    }
  }
}
